{
  "name": "jun_regular_fnt",
  "version": "1.0.0",
  "lockfileVersion": 2,
  "requires": true,
  "packages": {
    "": {
      "name": "jun_regular_fnt",
      "version": "1.0.0",
      "license": "ISC",
      "devDependencies": {
        "write-bmfont-binary": "^1.0.3"
      }
    },
    "node_modules/as-number": {
      "version": "1.0.0",
      "resolved": "https://registry.npmjs.org/as-number/-/as-number-1.0.0.tgz",
      "integrity": "sha512-HkI/zLo2AbSRO4fqVkmyf3hms0bJDs3iboHqTrNuwTiCRvdYXM7HFhfhB6Dk51anV2LM/IMB83mtK9mHw4FlAg==",
      "dev": true
    },
    "node_modules/write-bmfont-binary": {
      "version": "1.0.3",
      "resolved": "https://registry.npmjs.org/write-bmfont-binary/-/write-bmfont-binary-1.0.3.tgz",
      "integrity": "sha512-LA13p30LfX3FXHXHKQowTzdDkkn+FEEeW0ACA9WCIv9a1Gyu6I96NjcKM9c4zSzLrhQtCNGL1O7DTVbTf+UMvg==",
      "dev": true,
      "dependencies": {
        "as-number": "^1.0.0"
      }
    }
  },
  "dependencies": {
    "as-number": {
      "version": "1.0.0",
      "resolved": "https://registry.npmjs.org/as-number/-/as-number-1.0.0.tgz",
      "integrity": "sha512-HkI/zLo2AbSRO4fqVkmyf3hms0bJDs3iboHqTrNuwTiCRvdYXM7HFhfhB6Dk51anV2LM/IMB83mtK9mHw4FlAg==",
      "dev": true
    },
    "write-bmfont-binary": {
      "version": "1.0.3",
      "resolved": "https://registry.npmjs.org/write-bmfont-binary/-/write-bmfont-binary-1.0.3.tgz",
      "integrity": "sha512-LA13p30LfX3FXHXHKQowTzdDkkn+FEEeW0ACA9WCIv9a1Gyu6I96NjcKM9c4zSzLrhQtCNGL1O7DTVbTf+UMvg==",
      "dev": true,
      "requires": {
        "as-number": "^1.0.0"
      }
    }
  }
}
